
Microsoft Visual Studio Solution File, Format Version 12.00
# Visual Studio 15
VisualStudioVersion = 15.0.26430.16
MinimumVisualStudioVersion = 10.0.40219.1
Project("{FAE04EC0-301F-11D3-BF4B-00C04F79EFBC}") = "DemoDialogs", "DemoDialogs\DemoDialogs.csproj", "{3D3D3943-93ED-44BF-9D55-429519B37968}"
EndProject
Project("{FAE04EC0-301F-11D3-BF4B-00C04F79EFBC}") = "DemoPrompts", "DemoPrompts\DemoPrompts.csproj", "{0629FAF1-1282-477A-8DFC-57761194D42D}"
EndProject
Project("{FAE04EC0-301F-11D3-BF4B-00C04F79EFBC}") = "DemoCards", "DemoCards\DemoCards.csproj", "{62A9976F-09B5-44BF-996F-245C94347CDD}"
EndProject
Project("{FAE04EC0-301F-11D3-BF4B-00C04F79EFBC}") = "DemoStates", "DemoStates\DemoStates.csproj", "{7ED0A6CF-CC37-49B2-ADCD-7697D0B9813F}"
EndProject
Project("{FAE04EC0-301F-11D3-BF4B-00C04F79EFBC}") = "DemoLuis", "DemoLuis\DemoLuis.csproj", "{7B8E0DA3-7BD4-41B6-B6B2-49278B31690D}"
EndProject
Global
	GlobalSection(SolutionConfigurationPlatforms) = preSolution
		Debug|Any CPU = Debug|Any CPU
		Release|Any CPU = Release|Any CPU
	EndGlobalSection
	GlobalSection(ProjectConfigurationPlatforms) = postSolution
		{3D3D3943-93ED-44BF-9D55-429519B37968}.Debug|Any CPU.ActiveCfg = Debug|Any CPU
		{3D3D3943-93ED-44BF-9D55-429519B37968}.Debug|Any CPU.Build.0 = Debug|Any CPU
		{3D3D3943-93ED-44BF-9D55-429519B37968}.Release|Any CPU.ActiveCfg = Release|Any CPU
		{3D3D3943-93ED-44BF-9D55-429519B37968}.Release|Any CPU.Build.0 = Release|Any CPU
		{0629FAF1-1282-477A-8DFC-57761194D42D}.Debug|Any CPU.ActiveCfg = Debug|Any CPU
		{0629FAF1-1282-477A-8DFC-57761194D42D}.Debug|Any CPU.Build.0 = Debug|Any CPU
		{0629FAF1-1282-477A-8DFC-57761194D42D}.Release|Any CPU.ActiveCfg = Release|Any CPU
		{0629FAF1-1282-477A-8DFC-57761194D42D}.Release|Any CPU.Build.0 = Release|Any CPU
		{62A9976F-09B5-44BF-996F-245C94347CDD}.Debug|Any CPU.ActiveCfg = Debug|Any CPU
		{62A9976F-09B5-44BF-996F-245C94347CDD}.Debug|Any CPU.Build.0 = Debug|Any CPU
		{62A9976F-09B5-44BF-996F-245C94347CDD}.Release|Any CPU.ActiveCfg = Release|Any CPU
		{62A9976F-09B5-44BF-996F-245C94347CDD}.Release|Any CPU.Build.0 = Release|Any CPU
		{7ED0A6CF-CC37-49B2-ADCD-7697D0B9813F}.Debug|Any CPU.ActiveCfg = Debug|Any CPU
		{7ED0A6CF-CC37-49B2-ADCD-7697D0B9813F}.Debug|Any CPU.Build.0 = Debug|Any CPU
		{7ED0A6CF-CC37-49B2-ADCD-7697D0B9813F}.Release|Any CPU.ActiveCfg = Release|Any CPU
		{7ED0A6CF-CC37-49B2-ADCD-7697D0B9813F}.Release|Any CPU.Build.0 = Release|Any CPU
		{7B8E0DA3-7BD4-41B6-B6B2-49278B31690D}.Debug|Any CPU.ActiveCfg = Debug|Any CPU
		{7B8E0DA3-7BD4-41B6-B6B2-49278B31690D}.Debug|Any CPU.Build.0 = Debug|Any CPU
		{7B8E0DA3-7BD4-41B6-B6B2-49278B31690D}.Release|Any CPU.ActiveCfg = Release|Any CPU
		{7B8E0DA3-7BD4-41B6-B6B2-49278B31690D}.Release|Any CPU.Build.0 = Release|Any CPU
	EndGlobalSection
	GlobalSection(SolutionProperties) = preSolution
		HideSolutionNode = FALSE
	EndGlobalSection
EndGlobal
